
Microsoft Visual Studio Solution File, Format Version 12.00
Project("{FAE04EC0-301F-11D3-BF4B-00C04F79EFBC}") = "CadastroLivros.Core", "CadastroLivros.Core\CadastroLivros.Core.csproj", "{51AC843C-8212-435E-A56A-7FBA908E6DEF}"
EndProject
Project("{FAE04EC0-301F-11D3-BF4B-00C04F79EFBC}") = "CadastroLivros.Web", "CadastroLivros.Web\CadastroLivros.Web.csproj", "{58497664-77C3-4A3E-BC6F-3C9A5151384B}"
EndProject
Project("{2150E333-8FDC-42A3-9474-1A3956D46DE8}") = "Solution Items", "Solution Items", "{61456C9C-D87E-46B0-A26C-285392BA521B}"
	ProjectSection(SolutionItems) = preProject
		.editorconfig = .editorconfig
		.gitignore = .gitignore
		data.db = data.db
	EndProjectSection
EndProject
Project("{FAE04EC0-301F-11D3-BF4B-00C04F79EFBC}") = "CadastroLivros.Infrastructure", "CadastroLivros.Infrastructure\CadastroLivros.Infrastructure.csproj", "{717A188E-1CE0-4DAD-A9D2-3B6B888FC766}"
EndProject
Project("{FAE04EC0-301F-11D3-BF4B-00C04F79EFBC}") = "CadastroLivros.Application", "CadastroLivros.Application\CadastroLivros.Application.csproj", "{2C8C7882-56DA-468F-A11E-F5E2EFA18CB9}"
EndProject
Global
	GlobalSection(SolutionConfigurationPlatforms) = preSolution
		Debug|Any CPU = Debug|Any CPU
		Release|Any CPU = Release|Any CPU
	EndGlobalSection
	GlobalSection(ProjectConfigurationPlatforms) = postSolution
		{51AC843C-8212-435E-A56A-7FBA908E6DEF}.Debug|Any CPU.ActiveCfg = Debug|Any CPU
		{51AC843C-8212-435E-A56A-7FBA908E6DEF}.Debug|Any CPU.Build.0 = Debug|Any CPU
		{51AC843C-8212-435E-A56A-7FBA908E6DEF}.Release|Any CPU.ActiveCfg = Release|Any CPU
		{51AC843C-8212-435E-A56A-7FBA908E6DEF}.Release|Any CPU.Build.0 = Release|Any CPU
		{58497664-77C3-4A3E-BC6F-3C9A5151384B}.Debug|Any CPU.ActiveCfg = Debug|Any CPU
		{58497664-77C3-4A3E-BC6F-3C9A5151384B}.Debug|Any CPU.Build.0 = Debug|Any CPU
		{58497664-77C3-4A3E-BC6F-3C9A5151384B}.Release|Any CPU.ActiveCfg = Release|Any CPU
		{58497664-77C3-4A3E-BC6F-3C9A5151384B}.Release|Any CPU.Build.0 = Release|Any CPU
		{717A188E-1CE0-4DAD-A9D2-3B6B888FC766}.Debug|Any CPU.ActiveCfg = Debug|Any CPU
		{717A188E-1CE0-4DAD-A9D2-3B6B888FC766}.Debug|Any CPU.Build.0 = Debug|Any CPU
		{717A188E-1CE0-4DAD-A9D2-3B6B888FC766}.Release|Any CPU.ActiveCfg = Release|Any CPU
		{717A188E-1CE0-4DAD-A9D2-3B6B888FC766}.Release|Any CPU.Build.0 = Release|Any CPU
		{2C8C7882-56DA-468F-A11E-F5E2EFA18CB9}.Debug|Any CPU.ActiveCfg = Debug|Any CPU
		{2C8C7882-56DA-468F-A11E-F5E2EFA18CB9}.Debug|Any CPU.Build.0 = Debug|Any CPU
		{2C8C7882-56DA-468F-A11E-F5E2EFA18CB9}.Release|Any CPU.ActiveCfg = Release|Any CPU
		{2C8C7882-56DA-468F-A11E-F5E2EFA18CB9}.Release|Any CPU.Build.0 = Release|Any CPU
	EndGlobalSection
	GlobalSection(NestedProjects) = preSolution
	EndGlobalSection
EndGlobal
